
Microsoft Visual Studio Solution File, Format Version 12.00
# Visual Studio Version 17
VisualStudioVersion = 17.4.33110.190
MinimumVisualStudioVersion = 10.0.40219.1
Project("{FAE04EC0-301F-11D3-BF4B-00C04F79EFBC}") = "WindowsFormsAppLesson2", "WindowsFormsAppLesson2\WindowsFormsAppLesson2.csproj", "{BA2B9D4E-087D-4EAA-AA4A-8544FC830C05}"
EndProject
Global
	GlobalSection(SolutionConfigurationPlatforms) = preSolution
		Debug|Any CPU = Debug|Any CPU
		Release|Any CPU = Release|Any CPU
	EndGlobalSection
	GlobalSection(ProjectConfigurationPlatforms) = postSolution
		{BA2B9D4E-087D-4EAA-AA4A-8544FC830C05}.Debug|Any CPU.ActiveCfg = Debug|Any CPU
		{BA2B9D4E-087D-4EAA-AA4A-8544FC830C05}.Debug|Any CPU.Build.0 = Debug|Any CPU
		{BA2B9D4E-087D-4EAA-AA4A-8544FC830C05}.Release|Any CPU.ActiveCfg = Release|Any CPU
		{BA2B9D4E-087D-4EAA-AA4A-8544FC830C05}.Release|Any CPU.Build.0 = Release|Any CPU
	EndGlobalSection
	GlobalSection(SolutionProperties) = preSolution
		HideSolutionNode = FALSE
	EndGlobalSection
	GlobalSection(ExtensibilityGlobals) = postSolution
		SolutionGuid = {34CA0FC1-4542-4A84-88D6-9A9CA9C70EE8}
	EndGlobalSection
EndGlobal
